
Microsoft Visual Studio Solution File, Format Version 12.00
# Visual Studio 15
VisualStudioVersion = 15.0.28307.421
MinimumVisualStudioVersion = 10.0.40219.1
Project("{FAE04EC0-301F-11D3-BF4B-00C04F79EFBC}") = "LatihanConstruktor", "LatihanConstruktor\LatihanConstruktor.csproj", "{52384A38-45C5-45BE-A38F-19E037E1FAEB}"
EndProject
Global
	GlobalSection(SolutionConfigurationPlatforms) = preSolution
		Debug|Any CPU = Debug|Any CPU
		Release|Any CPU = Release|Any CPU
	EndGlobalSection
	GlobalSection(ProjectConfigurationPlatforms) = postSolution
		{52384A38-45C5-45BE-A38F-19E037E1FAEB}.Debug|Any CPU.ActiveCfg = Debug|Any CPU
		{52384A38-45C5-45BE-A38F-19E037E1FAEB}.Debug|Any CPU.Build.0 = Debug|Any CPU
		{52384A38-45C5-45BE-A38F-19E037E1FAEB}.Release|Any CPU.ActiveCfg = Release|Any CPU
		{52384A38-45C5-45BE-A38F-19E037E1FAEB}.Release|Any CPU.Build.0 = Release|Any CPU
	EndGlobalSection
	GlobalSection(SolutionProperties) = preSolution
		HideSolutionNode = FALSE
	EndGlobalSection
	GlobalSection(ExtensibilityGlobals) = postSolution
		SolutionGuid = {885F3D20-2D8F-4C1D-B6F8-6D8AA324A930}
	EndGlobalSection
EndGlobal
